
Microsoft Visual Studio Solution File, Format Version 12.00
# Visual Studio 15
VisualStudioVersion = 15.0.28307.1169
MinimumVisualStudioVersion = 10.0.40219.1
Project("{D954291E-2A0B-460D-934E-DC6B0785DB48}") = "MotiveLogger", "MotiveLogger\MotiveLogger.shproj", "{D25E07F2-9DE0-469A-AF6B-67EE34AE9D74}"
EndProject
Project("{FAE04EC0-301F-11D3-BF4B-00C04F79EFBC}") = "TestLoggerCL", "TestLoggerCL\TestLoggerCL.csproj", "{F8989376-7C73-4344-BE44-3BCE122B960D}"
EndProject
Global
	GlobalSection(SharedMSBuildProjectFiles) = preSolution
		MotiveLogger\MotiveLogger.projitems*{d25e07f2-9de0-469a-af6b-67ee34ae9d74}*SharedItemsImports = 13
		MotiveLogger\MotiveLogger.projitems*{f8989376-7c73-4344-be44-3bce122b960d}*SharedItemsImports = 4
	EndGlobalSection
	GlobalSection(SolutionConfigurationPlatforms) = preSolution
		Debug|Any CPU = Debug|Any CPU
		Release|Any CPU = Release|Any CPU
	EndGlobalSection
	GlobalSection(ProjectConfigurationPlatforms) = postSolution
		{F8989376-7C73-4344-BE44-3BCE122B960D}.Debug|Any CPU.ActiveCfg = Debug|Any CPU
		{F8989376-7C73-4344-BE44-3BCE122B960D}.Debug|Any CPU.Build.0 = Debug|Any CPU
		{F8989376-7C73-4344-BE44-3BCE122B960D}.Release|Any CPU.ActiveCfg = Release|Any CPU
		{F8989376-7C73-4344-BE44-3BCE122B960D}.Release|Any CPU.Build.0 = Release|Any CPU
	EndGlobalSection
	GlobalSection(SolutionProperties) = preSolution
		HideSolutionNode = FALSE
	EndGlobalSection
	GlobalSection(ExtensibilityGlobals) = postSolution
		SolutionGuid = {9F4D118D-6025-400C-9370-D2B41398E608}
	EndGlobalSection
EndGlobal
